
Microsoft Visual Studio Solution File, Format Version 12.00
# Visual Studio 14
VisualStudioVersion = 14.0.25420.1
MinimumVisualStudioVersion = 10.0.40219.1
Project("{FAE04EC0-301F-11D3-BF4B-00C04F79EFBC}") = "Ringbuch", "Ringbuch\Ringbuch.csproj", "{EFC4A800-BE97-40A2-8247-5A907789024E}"
EndProject
Project("{FAE04EC0-301F-11D3-BF4B-00C04F79EFBC}") = "DatabaseUpdate", "DatabaseUpdate\DatabaseUpdate.csproj", "{B23E3777-588F-454E-A19C-22AD327C0236}"
EndProject
Project("{F088123C-0E9E-452A-89E6-6BA2F21D5CAC}") = "ModelingProject2", "ModelingProject2\ModelingProject2.modelproj", "{9DF96671-706D-4E5E-A436-38A3AB1CE5BB}"
EndProject
Global
	GlobalSection(SolutionConfigurationPlatforms) = preSolution
		Debug|Any CPU = Debug|Any CPU
		DFSOrdner|Any CPU = DFSOrdner|Any CPU
		Release|Any CPU = Release|Any CPU
	EndGlobalSection
	GlobalSection(ProjectConfigurationPlatforms) = postSolution
		{EFC4A800-BE97-40A2-8247-5A907789024E}.Debug|Any CPU.ActiveCfg = Debug|Any CPU
		{EFC4A800-BE97-40A2-8247-5A907789024E}.Debug|Any CPU.Build.0 = Debug|Any CPU
		{EFC4A800-BE97-40A2-8247-5A907789024E}.DFSOrdner|Any CPU.ActiveCfg = DFSOrdner|Any CPU
		{EFC4A800-BE97-40A2-8247-5A907789024E}.DFSOrdner|Any CPU.Build.0 = DFSOrdner|Any CPU
		{EFC4A800-BE97-40A2-8247-5A907789024E}.Release|Any CPU.ActiveCfg = Release|Any CPU
		{EFC4A800-BE97-40A2-8247-5A907789024E}.Release|Any CPU.Build.0 = Release|Any CPU
		{B23E3777-588F-454E-A19C-22AD327C0236}.Debug|Any CPU.ActiveCfg = Debug|Any CPU
		{B23E3777-588F-454E-A19C-22AD327C0236}.Debug|Any CPU.Build.0 = Debug|Any CPU
		{B23E3777-588F-454E-A19C-22AD327C0236}.DFSOrdner|Any CPU.ActiveCfg = Debug|Any CPU
		{B23E3777-588F-454E-A19C-22AD327C0236}.DFSOrdner|Any CPU.Build.0 = Debug|Any CPU
		{B23E3777-588F-454E-A19C-22AD327C0236}.Release|Any CPU.ActiveCfg = Release|Any CPU
		{B23E3777-588F-454E-A19C-22AD327C0236}.Release|Any CPU.Build.0 = Release|Any CPU
		{9DF96671-706D-4E5E-A436-38A3AB1CE5BB}.Debug|Any CPU.ActiveCfg = Debug|Any CPU
		{9DF96671-706D-4E5E-A436-38A3AB1CE5BB}.Debug|Any CPU.Build.0 = Debug|Any CPU
		{9DF96671-706D-4E5E-A436-38A3AB1CE5BB}.DFSOrdner|Any CPU.ActiveCfg = Debug|Any CPU
		{9DF96671-706D-4E5E-A436-38A3AB1CE5BB}.DFSOrdner|Any CPU.Build.0 = Debug|Any CPU
		{9DF96671-706D-4E5E-A436-38A3AB1CE5BB}.Release|Any CPU.ActiveCfg = Release|Any CPU
		{9DF96671-706D-4E5E-A436-38A3AB1CE5BB}.Release|Any CPU.Build.0 = Release|Any CPU
	EndGlobalSection
	GlobalSection(SolutionProperties) = preSolution
		HideSolutionNode = FALSE
	EndGlobalSection
EndGlobal
